
Microsoft Visual Studio Solution File, Format Version 12.00
# Visual Studio Version 17
VisualStudioVersion = 17.11.35303.130
MinimumVisualStudioVersion = 10.0.40219.1
Project("{FAE04EC0-301F-11D3-BF4B-00C04F79EFBC}") = "7LabAP", "7LabAP.csproj", "{71632FAC-5EB4-4DC1-9F41-B4B8840887CC}"
EndProject
Global
	GlobalSection(SolutionConfigurationPlatforms) = preSolution
		Debug|Any CPU = Debug|Any CPU
		Release|Any CPU = Release|Any CPU
	EndGlobalSection
	GlobalSection(ProjectConfigurationPlatforms) = postSolution
		{71632FAC-5EB4-4DC1-9F41-B4B8840887CC}.Debug|Any CPU.ActiveCfg = Debug|Any CPU
		{71632FAC-5EB4-4DC1-9F41-B4B8840887CC}.Debug|Any CPU.Build.0 = Debug|Any CPU
		{71632FAC-5EB4-4DC1-9F41-B4B8840887CC}.Release|Any CPU.ActiveCfg = Release|Any CPU
		{71632FAC-5EB4-4DC1-9F41-B4B8840887CC}.Release|Any CPU.Build.0 = Release|Any CPU
	EndGlobalSection
	GlobalSection(SolutionProperties) = preSolution
		HideSolutionNode = FALSE
	EndGlobalSection
	GlobalSection(ExtensibilityGlobals) = postSolution
		SolutionGuid = {52A1E1A6-C82B-47C7-8C89-478AC282EE5A}
	EndGlobalSection
EndGlobal
